// !$*UTF8*$!
{
	archiveVersion = 1;
	classes = {
	};
	objectVersion = 50;
	objects = {

/* Begin PBXBuildFile section */
		7F3F2B22239CECB700FF6AF0 /* AppDelegate.swift in Sources */ = {isa = PBXBuildFile; fileRef = 7F3F2B21239CECB700FF6AF0 /* AppDelegate.swift */; };
		7F3F2B24239CECB700FF6AF0 /* ViewController.swift in Sources */ = {isa = PBXBuildFile; fileRef = 7F3F2B23239CECB700FF6AF0 /* ViewController.swift */; };
		7F3F2B27239CECB700FF6AF0 /* Main.storyboard in Resources */ = {isa = PBXBuildFile; fileRef = 7F3F2B25239CECB700FF6AF0 /* Main.storyboard */; };
		7F3F2B29239CECB800FF6AF0 /* Assets.xcassets in Resources */ = {isa = PBXBuildFile; fileRef = 7F3F2B28239CECB800FF6AF0 /* Assets.xcassets */; };
		7F3F2B2C239CECB900FF6AF0 /* LaunchScreen.storyboard in Resources */ = {isa = PBXBuildFile; fileRef = 7F3F2B2A239CECB900FF6AF0 /* LaunchScreen.storyboard */; };
		A9683B4ECB0611902D1402B4 /* Pods_ContactApp.framework in Frameworks */ = {isa = PBXBuildFile; fileRef = 377F6D3E5BD4F9BFA54F7204 /* Pods_ContactApp.framework */; };
/* End PBXBuildFile section */

/* Begin PBXFileReference section */
		377F6D3E5BD4F9BFA54F7204 /* Pods_ContactApp.framework */ = {isa = PBXFileReference; explicitFileType = wrapper.framework; includeInIndex = 0; path = Pods_ContactApp.framework; sourceTree = BUILT_PRODUCTS_DIR; };
		7D1A7A58935C9287C4782128 /* Pods-ContactApp.debug.xcconfig */ = {isa = PBXFileReference; includeInIndex = 1; lastKnownFileType = text.xcconfig; name = "Pods-ContactApp.debug.xcconfig"; path = "Target Support Files/Pods-ContactApp/Pods-ContactApp.debug.xcconfig"; sourceTree = "<group>"; };
		7F3F2B1E239CECB700FF6AF0 /* ContactApp.app */ = {isa = PBXFileReference; explicitFileType = wrapper.application; includeInIndex = 0; path = ContactApp.app; sourceTree = BUILT_PRODUCTS_DIR; };
		7F3F2B21239CECB700FF6AF0 /* AppDelegate.swift */ = {isa = PBXFileReference; lastKnownFileType = sourcecode.swift; path = AppDelegate.swift; sourceTree = "<group>"; };
		7F3F2B23239CECB700FF6AF0 /* ViewController.swift */ = {isa = PBXFileReference; lastKnownFileType = sourcecode.swift; path = ViewController.swift; sourceTree = "<group>"; };
		7F3F2B26239CECB700FF6AF0 /* Base */ = {isa = PBXFileReference; lastKnownFileType = file.storyboard; name = Base; path = Base.lproj/Main.storyboard; sourceTree = "<group>"; };
		7F3F2B28239CECB800FF6AF0 /* Assets.xcassets */ = {isa = PBXFileReference; lastKnownFileType = folder.assetcatalog; path = Assets.xcassets; sourceTree = "<group>"; };
		7F3F2B2B239CECB900FF6AF0 /* Base */ = {isa = PBXFileReference; lastKnownFileType = file.storyboard; name = Base; path = Base.lproj/LaunchScreen.storyboard; sourceTree = "<group>"; };
		7F3F2B2D239CECB900FF6AF0 /* Info.plist */ = {isa = PBXFileReference; lastKnownFileType = text.plist.xml; path = Info.plist; sourceTree = "<group>"; };
		921C556A9E3BAB4437EE1056 /* Pods-ContactApp.release.xcconfig */ = {isa = PBXFileReference; includeInIndex = 1; lastKnownFileType = text.xcconfig; name = "Pods-ContactApp.release.xcconfig"; path = "Target Support Files/Pods-ContactApp/Pods-ContactApp.release.xcconfig"; sourceTree = "<group>"; };
/* End PBXFileReference section */

/* Begin PBXFrameworksBuildPhase section */
		7F3F2B1B239CECB700FF6AF0 /* Frameworks */ = {
			isa = PBXFrameworksBuildPhase;
			buildActionMask = 2147483647;
			files = (
				A9683B4ECB0611902D1402B4 /* Pods_ContactApp.framework in Frameworks */,
			);
			runOnlyForDeploymentPostprocessing = 0;
		};
/* End PBXFrameworksBuildPhase section */

/* Begin PBXGroup section */
		7F3F2B15239CECB700FF6AF0 = {
			isa = PBXGroup;
			children = (
				7F3F2B20239CECB700FF6AF0 /* ContactApp */,
				7F3F2B1F239CECB700FF6AF0 /* Products */,
				871662CC2587479D851E6C67 /* Pods */,
				F173401963233DDC32A661C3 /* Frameworks */,
			);
			sourceTree = "<group>";
		};
		7F3F2B1F239CECB700FF6AF0 /* Products */ = {
			isa = PBXGroup;
			children = (
				7F3F2B1E239CECB700FF6AF0 /* ContactApp.app */,
			);
			name = Products;
			sourceTree = "<group>";
		};
		7F3F2B20239CECB700FF6AF0 /* ContactApp */ = {
			isa = PBXGroup;
			children = (
				7F3F2B21239CECB700FF6AF0 /* AppDelegate.swift */,
				7F3F2B23239CECB700FF6AF0 /* ViewController.swift */,
				7F3F2B25239CECB700FF6AF0 /* Main.storyboard */,
				7F3F2B28239CECB800FF6AF0 /* Assets.xcassets */,
				7F3F2B2A239CECB900FF6AF0 /* LaunchScreen.storyboard */,
				7F3F2B2D239CECB900FF6AF0 /* Info.plist */,
			);
			path = ContactApp;
			sourceTree = "<group>";
		};
		871662CC2587479D851E6C67 /* Pods */ = {
			isa = PBXGroup;
			children = (
				7D1A7A58935C9287C4782128 /* Pods-ContactApp.debug.xcconfig */,
				921C556A9E3BAB4437EE1056 /* Pods-ContactApp.release.xcconfig */,
			);
			name = Pods;
			path = Pods;
			sourceTree = "<group>";
		};
		F173401963233DDC32A661C3 /* Frameworks */ = {
			isa = PBXGroup;
			children = (
				377F6D3E5BD4F9BFA54F7204 /* Pods_ContactApp.framework */,
			);
			name = Frameworks;
			sourceTree = "<group>";
		};
/* End PBXGroup section */

/* Begin PBXNativeTarget section */
		7F3F2B1D239CECB700FF6AF0 /* ContactApp */ = {
			isa = PBXNativeTarget;
			buildConfigurationList = 7F3F2B30239CECB900FF6AF0 /* Build configuration list for PBXNativeTarget "ContactApp" */;
			buildPhases = (
				DB0A7789B72D94D5D3DF9AF2 /* [CP] Check Pods Manifest.lock */,
				7F3F2B1A239CECB700FF6AF0 /* Sources */,
				7F3F2B1B239CECB700FF6AF0 /* Frameworks */,
				7F3F2B1C239CECB700FF6AF0 /* Resources */,
				CF446021E03E0F8A7AD66638 /* [CP] Embed Pods Frameworks */,
			);
			buildRules = (
			);
			dependencies = (
			);
			name = ContactApp;
			productName = ContactApp;
			productReference = 7F3F2B1E239CECB700FF6AF0 /* ContactApp.app */;
			productType = "com.apple.product-type.application";
		};
/* End PBXNativeTarget section */

/* Begin PBXProject section */
		7F3F2B16239CECB700FF6AF0 /* Project object */ = {
			isa = PBXProject;
			attributes = {
				LastSwiftUpdateCheck = 1020;
				LastUpgradeCheck = 1020;
				ORGANIZATIONNAME = "fakhry fauzan";
				TargetAttributes = {
					7F3F2B1D239CECB700FF6AF0 = {
						CreatedOnToolsVersion = 10.2;
					};
				};
			};
			buildConfigurationList = 7F3F2B19239CECB700FF6AF0 /* Build configuration list for PBXProject "ContactApp" */;
			compatibilityVersion = "Xcode 9.3";
			developmentRegion = en;
			hasScannedForEncodings = 0;
			knownRegions = (
				en,
				Base,
			);
			mainGroup = 7F3F2B15239CECB700FF6AF0;
			productRefGroup = 7F3F2B1F239CECB700FF6AF0 /* Products */;
			projectDirPath = "";
			projectRoot = "";
			targets = (
				7F3F2B1D239CECB700FF6AF0 /* ContactApp */,
			);
		};
/* End PBXProject section */

/* Begin PBXResourcesBuildPhase section */
		7F3F2B1C239CECB700FF6AF0 /* Resources */ = {
			isa = PBXResourcesBuildPhase;
			buildActionMask = 2147483647;
			files = (
				7F3F2B2C239CECB900FF6AF0 /* LaunchScreen.storyboard in Resources */,
				7F3F2B29239CECB800FF6AF0 /* Assets.xcassets in Resources */,
				7F3F2B27239CECB700FF6AF0 /* Main.storyboard in Resources */,
			);
			runOnlyForDeploymentPostprocessing = 0;
		};
/* End PBXResourcesBuildPhase section */

/* Begin PBXShellScriptBuildPhase section */
		CF446021E03E0F8A7AD66638 /* [CP] Embed Pods Frameworks */ = {
			isa = PBXShellScriptBuildPhase;
			buildActionMask = 2147483647;
			files = (
			);
			inputFileListPaths = (
				"${PODS_ROOT}/Target Support Files/Pods-ContactApp/Pods-ContactApp-frameworks-${CONFIGURATION}-input-files.xcfilelist",
			);
			name = "[CP] Embed Pods Frameworks";
			outputFileListPaths = (
				"${PODS_ROOT}/Target Support Files/Pods-ContactApp/Pods-ContactApp-frameworks-${CONFIGURATION}-output-files.xcfilelist",
			);
			runOnlyForDeploymentPostprocessing = 0;
			shellPath = /bin/sh;
			shellScript = "\"${PODS_ROOT}/Target Support Files/Pods-ContactApp/Pods-ContactApp-frameworks.sh\"\n";
			showEnvVarsInLog = 0;
		};
		DB0A7789B72D94D5D3DF9AF2 /* [CP] Check Pods Manifest.lock */ = {
			isa = PBXShellScriptBuildPhase;
			buildActionMask = 2147483647;
			files = (
			);
			inputFileListPaths = (
			);
			inputPaths = (
				"${PODS_PODFILE_DIR_PATH}/Podfile.lock",
				"${PODS_ROOT}/Manifest.lock",
			);
			name = "[CP] Check Pods Manifest.lock";
			outputFileListPaths = (
			);
			outputPaths = (
				"$(DERIVED_FILE_DIR)/Pods-ContactApp-checkManifestLockResult.txt",
			);
			runOnlyForDeploymentPostprocessing = 0;
			shellPath = /bin/sh;
			shellScript = "diff \"${PODS_PODFILE_DIR_PATH}/Podfile.lock\" \"${PODS_ROOT}/Manifest.lock\" > /dev/null\nif [ $? != 0 ] ; then\n    # print error to STDERR\n    echo \"error: The sandbox is not in sync with the Podfile.lock. Run 'pod install' or update your CocoaPods installation.\" >&2\n    exit 1\nfi\n# This output is used by Xcode 'outputs' to avoid re-running this script phase.\necho \"SUCCESS\" > \"${SCRIPT_OUTPUT_FILE_0}\"\n";
			showEnvVarsInLog = 0;
		};
/* End PBXShellScriptBuildPhase section */

/* Begin PBXSourcesBuildPhase section */
		7F3F2B1A239CECB700FF6AF0 /* Sources */ = {
			isa = PBXSourcesBuildPhase;
			buildActionMask = 2147483647;
			files = (
				7F3F2B24239CECB700FF6AF0 /* ViewController.swift in Sources */,
				7F3F2B22239CECB700FF6AF0 /* AppDelegate.swift in Sources */,
			);
			runOnlyForDeploymentPostprocessing = 0;
		};
/* End PBXSourcesBuildPhase section */

/* Begin PBXVariantGroup section */
		7F3F2B25239CECB700FF6AF0 /* Main.storyboard */ = {
			isa = PBXVariantGroup;
			children = (
				7F3F2B26239CECB700FF6AF0 /* Base */,
			);
			name = Main.storyboard;
			sourceTree = "<group>";
		};
		7F3F2B2A239CECB900FF6AF0 /* LaunchScreen.storyboard */ = {
			isa = PBXVariantGroup;
			children = (
				7F3F2B2B239CECB900FF6AF0 /* Base */,
			);
			name = LaunchScreen.storyboard;
			sourceTree = "<group>";
		};
/* End PBXVariantGroup section */

/* Begin XCBuildConfiguration section */
		7F3F2B2E239CECB900FF6AF0 /* Debug */ = {
			isa = XCBuildConfiguration;
			buildSettings = {
				ALWAYS_SEARCH_USER_PATHS = NO;
				CLANG_ANALYZER_NONNULL = YES;
				CLANG_ANALYZER_NUMBER_OBJECT_CONVERSION = YES_AGGRESSIVE;
				CLANG_CXX_LANGUAGE_STANDARD = "gnu++14";
				CLANG_CXX_LIBRARY = "libc++";
				CLANG_ENABLE_MODULES = YES;
				CLANG_ENABLE_OBJC_ARC = YES;
				CLANG_ENABLE_OBJC_WEAK = YES;
				CLANG_WARN_BLOCK_CAPTURE_AUTORELEASING = YES;
				CLANG_WARN_BOOL_CONVERSION = YES;
				CLANG_WARN_COMMA = YES;
				CLANG_WARN_CONSTANT_CONVERSION = YES;
				CLANG_WARN_DEPRECATED_OBJC_IMPLEMENTATIONS = YES;
				CLANG_WARN_DIRECT_OBJC_ISA_USAGE = YES_ERROR;
				CLANG_WARN_DOCUMENTATION_COMMENTS = YES;
				CLANG_WARN_EMPTY_BODY = YES;
				CLANG_WARN_ENUM_CONVERSION = YES;
				CLANG_WARN_INFINITE_RECURSION = YES;
				CLANG_WARN_INT_CONVERSION = YES;
				CLANG_WARN_NON_LITERAL_NULL_CONVERSION = YES;
				CLANG_WARN_OBJC_IMPLICIT_RETAIN_SELF = YES;
				CLANG_WARN_OBJC_LITERAL_CONVERSION = YES;
				CLANG_WARN_OBJC_ROOT_CLASS = YES_ERROR;
				CLANG_WARN_RANGE_LOOP_ANALYSIS = YES;
				CLANG_WARN_STRICT_PROTOTYPES = YES;
				CLANG_WARN_SUSPICIOUS_MOVE = YES;
				CLANG_WARN_UNGUARDED_AVAILABILITY = YES_AGGRESSIVE;
				CLANG_WARN_UNREACHABLE_CODE = YES;
				CLANG_WARN__DUPLICATE_METHOD_MATCH = YES;
				CODE_SIGN_IDENTITY = "iPhone Developer";
				COPY_PHASE_STRIP = NO;
				DEBUG_INFORMATION_FORMAT = dwarf;
				ENABLE_STRICT_OBJC_MSGSEND = YES;
				ENABLE_TESTABILITY = YES;
				GCC_C_LANGUAGE_STANDARD = gnu11;
				GCC_DYNAMIC_NO_PIC = NO;
				GCC_NO_COMMON_BLOCKS = YES;
				GCC_OPTIMIZATION_LEVEL = 0;
				GCC_PREPROCESSOR_DEFINITIONS = (
					"DEBUG=1",
					"$(inherited)",
				);
				GCC_WARN_64_TO_32_BIT_CONVERSION = YES;
				GCC_WARN_ABOUT_RETURN_TYPE = YES_ERROR;
				GCC_WARN_UNDECLARED_SELECTOR = YES;
				GCC_WARN_UNINITIALIZED_AUTOS = YES_AGGRESSIVE;
				GCC_WARN_UNUSED_FUNCTION = YES;
				GCC_WARN_UNUSED_VARIABLE = YES;
				IPHONEOS_DEPLOYMENT_TARGET = 12.2;
				MTL_ENABLE_DEBUG_INFO = INCLUDE_SOURCE;
				MTL_FAST_MATH = YES;
				ONLY_ACTIVE_ARCH = YES;
				SDKROOT = iphoneos;
				SWIFT_ACTIVE_COMPILATION_CONDITIONS = DEBUG;
				SWIFT_OPTIMIZATION_LEVEL = "-Onone";
			};
			name = Debug;
		};
		7F3F2B2F239CECB900FF6AF0 /* Release */ = {
			isa = XCBuildConfiguration;
			buildSettings = {
				ALWAYS_SEARCH_USER_PATHS = NO;
				CLANG_ANALYZER_NONNULL = YES;
				CLANG_ANALYZER_NUMBER_OBJECT_CONVERSION = YES_AGGRESSIVE;
				CLANG_CXX_LANGUAGE_STANDARD = "gnu++14";
				CLANG_CXX_LIBRARY = "libc++";
				CLANG_ENABLE_MODULES = YES;
				CLANG_ENABLE_OBJC_ARC = YES;
				CLANG_ENABLE_OBJC_WEAK = YES;
				CLANG_WARN_BLOCK_CAPTURE_AUTORELEASING = YES;
				CLANG_WARN_BOOL_CONVERSION = YES;
				CLANG_WARN_COMMA = YES;
				CLANG_WARN_CONSTANT_CONVERSION = YES;
				CLANG_WARN_DEPRECATED_OBJC_IMPLEMENTATIONS = YES;
				CLANG_WARN_DIRECT_OBJC_ISA_USAGE = YES_ERROR;
				CLANG_WARN_DOCUMENTATION_COMMENTS = YES;
				CLANG_WARN_EMPTY_BODY = YES;
				CLANG_WARN_ENUM_CONVERSION = YES;
				CLANG_WARN_INFINITE_RECURSION = YES;
				CLANG_WARN_INT_CONVERSION = YES;
				CLANG_WARN_NON_LITERAL_NULL_CONVERSION = YES;
				CLANG_WARN_OBJC_IMPLICIT_RETAIN_SELF = YES;
				CLANG_WARN_OBJC_LITERAL_CONVERSION = YES;
				CLANG_WARN_OBJC_ROOT_CLASS = YES_ERROR;
				CLANG_WARN_RANGE_LOOP_ANALYSIS = YES;
				CLANG_WARN_STRICT_PROTOTYPES = YES;
				CLANG_WARN_SUSPICIOUS_MOVE = YES;
				CLANG_WARN_UNGUARDED_AVAILABILITY = YES_AGGRESSIVE;
				CLANG_WARN_UNREACHABLE_CODE = YES;
				CLANG_WARN__DUPLICATE_METHOD_MATCH = YES;
				CODE_SIGN_IDENTITY = "iPhone Developer";
				COPY_PHASE_STRIP = NO;
				DEBUG_INFORMATION_FORMAT = "dwarf-with-dsym";
				ENABLE_NS_ASSERTIONS = NO;
				ENABLE_STRICT_OBJC_MSGSEND = YES;
				GCC_C_LANGUAGE_STANDARD = gnu11;
				GCC_NO_COMMON_BLOCKS = YES;
				GCC_WARN_64_TO_32_BIT_CONVERSION = YES;
				GCC_WARN_ABOUT_RETURN_TYPE = YES_ERROR;
				GCC_WARN_UNDECLARED_SELECTOR = YES;
				GCC_WARN_UNINITIALIZED_AUTOS = YES_AGGRESSIVE;
				GCC_WARN_UNUSED_FUNCTION = YES;
				GCC_WARN_UNUSED_VARIABLE = YES;
				IPHONEOS_DEPLOYMENT_TARGET = 12.2;
				MTL_ENABLE_DEBUG_INFO = NO;
				MTL_FAST_MATH = YES;
				SDKROOT = iphoneos;
				SWIFT_COMPILATION_MODE = wholemodule;
				SWIFT_OPTIMIZATION_LEVEL = "-O";
				VALIDATE_PRODUCT = YES;
			};
			name = Release;
		};
		7F3F2B31239CECB900FF6AF0 /* Debug */ = {
			isa = XCBuildConfiguration;
			baseConfigurationReference = 7D1A7A58935C9287C4782128 /* Pods-ContactApp.debug.xcconfig */;
			buildSettings = {
				ASSETCATALOG_COMPILER_APPICON_NAME = AppIcon;
				CODE_SIGN_STYLE = Automatic;
				DEVELOPMENT_TEAM = U6Q497VS85;
				INFOPLIST_FILE = ContactApp/Info.plist;
				LD_RUNPATH_SEARCH_PATHS = (
					"$(inherited)",
					"@executable_path/Frameworks",
				);
				PRODUCT_BUNDLE_IDENTIFIER = com.example.ContactApp;
				PRODUCT_NAME = "$(TARGET_NAME)";
				SWIFT_VERSION = 5.0;
				TARGETED_DEVICE_FAMILY = "1,2";
			};
			name = Debug;
		};
		7F3F2B32239CECB900FF6AF0 /* Release */ = {
			isa = XCBuildConfiguration;
			baseConfigurationReference = 921C556A9E3BAB4437EE1056 /* Pods-ContactApp.release.xcconfig */;
			buildSettings = {
				ASSETCATALOG_COMPILER_APPICON_NAME = AppIcon;
				CODE_SIGN_STYLE = Automatic;
				DEVELOPMENT_TEAM = U6Q497VS85;
				INFOPLIST_FILE = ContactApp/Info.plist;
				LD_RUNPATH_SEARCH_PATHS = (
					"$(inherited)",
					"@executable_path/Frameworks",
				);
				PRODUCT_BUNDLE_IDENTIFIER = com.example.ContactApp;
				PRODUCT_NAME = "$(TARGET_NAME)";
				SWIFT_VERSION = 5.0;
				TARGETED_DEVICE_FAMILY = "1,2";
			};
			name = Release;
		};
/* End XCBuildConfiguration section */

/* Begin XCConfigurationList section */
		7F3F2B19239CECB700FF6AF0 /* Build configuration list for PBXProject "ContactApp" */ = {
			isa = XCConfigurationList;
			buildConfigurations = (
				7F3F2B2E239CECB900FF6AF0 /* Debug */,
				7F3F2B2F239CECB900FF6AF0 /* Release */,
			);
			defaultConfigurationIsVisible = 0;
			defaultConfigurationName = Release;
		};
		7F3F2B30239CECB900FF6AF0 /* Build configuration list for PBXNativeTarget "ContactApp" */ = {
			isa = XCConfigurationList;
			buildConfigurations = (
				7F3F2B31239CECB900FF6AF0 /* Debug */,
				7F3F2B32239CECB900FF6AF0 /* Release */,
			);
			defaultConfigurationIsVisible = 0;
			defaultConfigurationName = Release;
		};
/* End XCConfigurationList section */
	};
	rootObject = 7F3F2B16239CECB700FF6AF0 /* Project object */;
}
